// !$*UTF8*$!
{
	archiveVersion = 1;
	classes = {
	};
	objectVersion = 46;
	objects = {

/* Begin PBXBuildFile section */
		4904072D1A6871F700F623D8 /* BEMCircle.m in Sources */ = {isa = PBXBuildFile; fileRef = 490407281A6871F700F623D8 /* BEMCircle.m */; };
		4904072E1A6871F700F623D8 /* BEMLine.m in Sources */ = {isa = PBXBuildFile; fileRef = 4904072A1A6871F700F623D8 /* BEMLine.m */; };
		4904072F1A6871F700F623D8 /* BEMSimpleLineGraphView.m in Sources */ = {isa = PBXBuildFile; fileRef = 4904072C1A6871F700F623D8 /* BEMSimpleLineGraphView.m */; };
		4908AE0A1A72FF7400C48189 /* Statistics.m in Sources */ = {isa = PBXBuildFile; fileRef = 4908AE091A72FF7400C48189 /* Statistics.m */; };
		4913835F1A6FF1EE00FC9AFB /* InputScores.m in Sources */ = {isa = PBXBuildFile; fileRef = 4913835E1A6FF1EE00FC9AFB /* InputScores.m */; };
		491383621A6FF1F900FC9AFB /* DailyScores.m in Sources */ = {isa = PBXBuildFile; fileRef = 491383611A6FF1F900FC9AFB /* DailyScores.m */; };
		4922CBEE1A6088EE0044AD98 /* happiness.png in Resources */ = {isa = PBXBuildFile; fileRef = 4922CBE81A6088EE0044AD98 /* happiness.png */; };
		4922CBEF1A6088EE0044AD98 /* var.png in Resources */ = {isa = PBXBuildFile; fileRef = 4922CBE91A6088EE0044AD98 /* var.png */; };
		4922CBF01A6088EE0044AD98 /* network.png in Resources */ = {isa = PBXBuildFile; fileRef = 4922CBEA1A6088EE0044AD98 /* network.png */; };
		4922CBF11A6088EE0044AD98 /* sorted.png in Resources */ = {isa = PBXBuildFile; fileRef = 4922CBEB1A6088EE0044AD98 /* sorted.png */; };
		4922CBF21A6088EE0044AD98 /* pomodoro.png in Resources */ = {isa = PBXBuildFile; fileRef = 4922CBEC1A6088EE0044AD98 /* pomodoro.png */; };
		4922CBF31A6088EE0044AD98 /* varlist.png in Resources */ = {isa = PBXBuildFile; fileRef = 4922CBED1A6088EE0044AD98 /* varlist.png */; };
		4922CC2C1A62E17F0044AD98 /* VariableViewController.m in Sources */ = {isa = PBXBuildFile; fileRef = 4922CC2B1A62E17F0044AD98 /* VariableViewController.m */; };
		494E724F1A6D4AD400D3ED5F /* HealthKit.framework in Frameworks */ = {isa = PBXBuildFile; fileRef = 494E724E1A6D4AD400D3ED5F /* HealthKit.framework */; };
		4956B9301A792BA80002136A /* PomodoroBrain.m in Sources */ = {isa = PBXBuildFile; fileRef = 4956B92F1A792BA80002136A /* PomodoroBrain.m */; };
		4956B9371A7A33260002136A /* WaterProgress.m in Sources */ = {isa = PBXBuildFile; fileRef = 4956B9361A7A33260002136A /* WaterProgress.m */; };
		4956B93E1A7A59BF0002136A /* MoodScoreButton.m in Sources */ = {isa = PBXBuildFile; fileRef = 4956B93D1A7A59BF0002136A /* MoodScoreButton.m */; };
		4956B9441A7A5D3D0002136A /* MoodTimeLabel.m in Sources */ = {isa = PBXBuildFile; fileRef = 4956B9431A7A5D3D0002136A /* MoodTimeLabel.m */; };
		49B142801A5EA81A00CED2A0 /* main.m in Sources */ = {isa = PBXBuildFile; fileRef = 49B1427F1A5EA81A00CED2A0 /* main.m */; };
		49B142831A5EA81A00CED2A0 /* AppDelegate.m in Sources */ = {isa = PBXBuildFile; fileRef = 49B142821A5EA81A00CED2A0 /* AppDelegate.m */; };
		49B1428C1A5EA81A00CED2A0 /* Main.storyboard in Resources */ = {isa = PBXBuildFile; fileRef = 49B1428A1A5EA81A00CED2A0 /* Main.storyboard */; };
		49B1428E1A5EA81B00CED2A0 /* Images.xcassets in Resources */ = {isa = PBXBuildFile; fileRef = 49B1428D1A5EA81B00CED2A0 /* Images.xcassets */; };
		49B142911A5EA81B00CED2A0 /* LaunchScreen.xib in Resources */ = {isa = PBXBuildFile; fileRef = 49B1428F1A5EA81B00CED2A0 /* LaunchScreen.xib */; };
		49B1429D1A5EA81B00CED2A0 /* HealthTests.m in Sources */ = {isa = PBXBuildFile; fileRef = 49B1429C1A5EA81B00CED2A0 /* HealthTests.m */; };
		49B9010F1A726BF90048C140 /* InputScores.plist in Resources */ = {isa = PBXBuildFile; fileRef = 49B9010E1A726BF90048C140 /* InputScores.plist */; };
		49B901141A7274780048C140 /* DailyScores.plist in Resources */ = {isa = PBXBuildFile; fileRef = 49B901131A7274780048C140 /* DailyScores.plist */; };
		49BF26681A72E32B00B3FF81 /* CorrelationsViewController.m in Sources */ = {isa = PBXBuildFile; fileRef = 49BF26671A72E32B00B3FF81 /* CorrelationsViewController.m */; };
		49C84BA71A6E7A690022BCFA /* DebugViewController.m in Sources */ = {isa = PBXBuildFile; fileRef = 49C84BA61A6E7A690022BCFA /* DebugViewController.m */; };
		49C84BA91A6F11090022BCFA /* WaterViewController.m in Sources */ = {isa = PBXBuildFile; fileRef = 49C84BA81A6F11090022BCFA /* WaterViewController.m */; };
		49CB631C1A602A5E00459735 /* MSPageViewController.m in Sources */ = {isa = PBXBuildFile; fileRef = 49CB63191A602A5E00459735 /* MSPageViewController.m */; };
		49CB631D1A602A5E00459735 /* MSPageViewControllerPage.m in Sources */ = {isa = PBXBuildFile; fileRef = 49CB631B1A602A5E00459735 /* MSPageViewControllerPage.m */; };
		49CB63201A60384F00459735 /* InputViewController.m in Sources */ = {isa = PBXBuildFile; fileRef = 49CB631F1A60384F00459735 /* InputViewController.m */; };
		49CB63231A603BB300459735 /* LogViewController.m in Sources */ = {isa = PBXBuildFile; fileRef = 49CB63221A603BB300459735 /* LogViewController.m */; };
		49CB63321A603EA100459735 /* MoodViewController.m in Sources */ = {isa = PBXBuildFile; fileRef = 49CB63311A603EA100459735 /* MoodViewController.m */; };
		49CB63351A603F0400459735 /* PomodoroViewController.m in Sources */ = {isa = PBXBuildFile; fileRef = 49CB63341A603F0400459735 /* PomodoroViewController.m */; };
		49CB63401A6052C800459735 /* TabBarViewController.m in Sources */ = {isa = PBXBuildFile; fileRef = 49CB633F1A6052C800459735 /* TabBarViewController.m */; };
		49CD32811A6D20DD00BFFEBE /* ImportViewController.m in Sources */ = {isa = PBXBuildFile; fileRef = 49CD32801A6D20DD00BFFEBE /* ImportViewController.m */; };
/* End PBXBuildFile section */

/* Begin PBXContainerItemProxy section */
		49B142971A5EA81B00CED2A0 /* PBXContainerItemProxy */ = {
			isa = PBXContainerItemProxy;
			containerPortal = 49B142721A5EA81A00CED2A0 /* Project object */;
			proxyType = 1;
			remoteGlobalIDString = 49B142791A5EA81A00CED2A0;
			remoteInfo = Health;
		};
/* End PBXContainerItemProxy section */

/* Begin PBXFileReference section */
		490407271A6871F700F623D8 /* BEMCircle.h */ = {isa = PBXFileReference; fileEncoding = 4; lastKnownFileType = sourcecode.c.h; path = BEMCircle.h; sourceTree = "<group>"; };
		490407281A6871F700F623D8 /* BEMCircle.m */ = {isa = PBXFileReference; fileEncoding = 4; lastKnownFileType = sourcecode.c.objc; path = BEMCircle.m; sourceTree = "<group>"; };
		490407291A6871F700F623D8 /* BEMLine.h */ = {isa = PBXFileReference; fileEncoding = 4; lastKnownFileType = sourcecode.c.h; path = BEMLine.h; sourceTree = "<group>"; };
		4904072A1A6871F700F623D8 /* BEMLine.m */ = {isa = PBXFileReference; fileEncoding = 4; lastKnownFileType = sourcecode.c.objc; path = BEMLine.m; sourceTree = "<group>"; };
		4904072B1A6871F700F623D8 /* BEMSimpleLineGraphView.h */ = {isa = PBXFileReference; fileEncoding = 4; lastKnownFileType = sourcecode.c.h; path = BEMSimpleLineGraphView.h; sourceTree = "<group>"; };
		4904072C1A6871F700F623D8 /* BEMSimpleLineGraphView.m */ = {isa = PBXFileReference; fileEncoding = 4; lastKnownFileType = sourcecode.c.objc; path = BEMSimpleLineGraphView.m; sourceTree = "<group>"; };
		4908AE081A72FF7400C48189 /* Statistics.h */ = {isa = PBXFileReference; fileEncoding = 4; lastKnownFileType = sourcecode.c.h; path = Statistics.h; sourceTree = "<group>"; };
		4908AE091A72FF7400C48189 /* Statistics.m */ = {isa = PBXFileReference; fileEncoding = 4; lastKnownFileType = sourcecode.c.objc; path = Statistics.m; sourceTree = "<group>"; };
		4913835D1A6FF1EE00FC9AFB /* InputScores.h */ = {isa = PBXFileReference; fileEncoding = 4; lastKnownFileType = sourcecode.c.h; path = InputScores.h; sourceTree = "<group>"; };
		4913835E1A6FF1EE00FC9AFB /* InputScores.m */ = {isa = PBXFileReference; fileEncoding = 4; lastKnownFileType = sourcecode.c.objc; path = InputScores.m; sourceTree = "<group>"; };
		491383601A6FF1F900FC9AFB /* DailyScores.h */ = {isa = PBXFileReference; fileEncoding = 4; lastKnownFileType = sourcecode.c.h; path = DailyScores.h; sourceTree = "<group>"; };
		491383611A6FF1F900FC9AFB /* DailyScores.m */ = {isa = PBXFileReference; fileEncoding = 4; lastKnownFileType = sourcecode.c.objc; path = DailyScores.m; sourceTree = "<group>"; };
		4922CBE81A6088EE0044AD98 /* happiness.png */ = {isa = PBXFileReference; lastKnownFileType = image.png; path = happiness.png; sourceTree = "<group>"; };
		4922CBE91A6088EE0044AD98 /* var.png */ = {isa = PBXFileReference; lastKnownFileType = image.png; path = var.png; sourceTree = "<group>"; };
		4922CBEA1A6088EE0044AD98 /* network.png */ = {isa = PBXFileReference; lastKnownFileType = image.png; path = network.png; sourceTree = "<group>"; };
		4922CBEB1A6088EE0044AD98 /* sorted.png */ = {isa = PBXFileReference; lastKnownFileType = image.png; path = sorted.png; sourceTree = "<group>"; };
		4922CBEC1A6088EE0044AD98 /* pomodoro.png */ = {isa = PBXFileReference; lastKnownFileType = image.png; path = pomodoro.png; sourceTree = "<group>"; };
		4922CBED1A6088EE0044AD98 /* varlist.png */ = {isa = PBXFileReference; lastKnownFileType = image.png; path = varlist.png; sourceTree = "<group>"; };
		4922CC2A1A62E17F0044AD98 /* VariableViewController.h */ = {isa = PBXFileReference; fileEncoding = 4; lastKnownFileType = sourcecode.c.h; lineEnding = 0; path = VariableViewController.h; sourceTree = "<group>"; xcLanguageSpecificationIdentifier = xcode.lang.objcpp; };
		4922CC2B1A62E17F0044AD98 /* VariableViewController.m */ = {isa = PBXFileReference; fileEncoding = 4; lastKnownFileType = sourcecode.c.objc; lineEnding = 0; path = VariableViewController.m; sourceTree = "<group>"; xcLanguageSpecificationIdentifier = xcode.lang.objc; };
		494E724D1A6D4AD300D3ED5F /* Health.entitlements */ = {isa = PBXFileReference; lastKnownFileType = text.xml; path = Health.entitlements; sourceTree = "<group>"; };
		494E724E1A6D4AD400D3ED5F /* HealthKit.framework */ = {isa = PBXFileReference; lastKnownFileType = wrapper.framework; name = HealthKit.framework; path = System/Library/Frameworks/HealthKit.framework; sourceTree = SDKROOT; };
		4956B92E1A792BA80002136A /* PomodoroBrain.h */ = {isa = PBXFileReference; fileEncoding = 4; lastKnownFileType = sourcecode.c.h; path = PomodoroBrain.h; sourceTree = "<group>"; };
		4956B92F1A792BA80002136A /* PomodoroBrain.m */ = {isa = PBXFileReference; fileEncoding = 4; lastKnownFileType = sourcecode.c.objc; path = PomodoroBrain.m; sourceTree = "<group>"; };
		4956B9351A7A33260002136A /* WaterProgress.h */ = {isa = PBXFileReference; fileEncoding = 4; lastKnownFileType = sourcecode.c.h; path = WaterProgress.h; sourceTree = "<group>"; };
		4956B9361A7A33260002136A /* WaterProgress.m */ = {isa = PBXFileReference; fileEncoding = 4; lastKnownFileType = sourcecode.c.objc; path = WaterProgress.m; sourceTree = "<group>"; };
		4956B93C1A7A59BF0002136A /* MoodScoreButton.h */ = {isa = PBXFileReference; fileEncoding = 4; lastKnownFileType = sourcecode.c.h; path = MoodScoreButton.h; sourceTree = "<group>"; };
		4956B93D1A7A59BF0002136A /* MoodScoreButton.m */ = {isa = PBXFileReference; fileEncoding = 4; lastKnownFileType = sourcecode.c.objc; path = MoodScoreButton.m; sourceTree = "<group>"; };
		4956B9421A7A5D3D0002136A /* MoodTimeLabel.h */ = {isa = PBXFileReference; fileEncoding = 4; lastKnownFileType = sourcecode.c.h; path = MoodTimeLabel.h; sourceTree = "<group>"; };
		4956B9431A7A5D3D0002136A /* MoodTimeLabel.m */ = {isa = PBXFileReference; fileEncoding = 4; lastKnownFileType = sourcecode.c.objc; path = MoodTimeLabel.m; sourceTree = "<group>"; };
		49B1427A1A5EA81A00CED2A0 /* Health.app */ = {isa = PBXFileReference; explicitFileType = wrapper.application; includeInIndex = 0; path = Health.app; sourceTree = BUILT_PRODUCTS_DIR; };
		49B1427E1A5EA81A00CED2A0 /* Info.plist */ = {isa = PBXFileReference; lastKnownFileType = text.plist.xml; path = Info.plist; sourceTree = "<group>"; };
		49B1427F1A5EA81A00CED2A0 /* main.m */ = {isa = PBXFileReference; lastKnownFileType = sourcecode.c.objc; path = main.m; sourceTree = "<group>"; };
		49B142811A5EA81A00CED2A0 /* AppDelegate.h */ = {isa = PBXFileReference; lastKnownFileType = sourcecode.c.h; path = AppDelegate.h; sourceTree = "<group>"; };
		49B142821A5EA81A00CED2A0 /* AppDelegate.m */ = {isa = PBXFileReference; lastKnownFileType = sourcecode.c.objc; path = AppDelegate.m; sourceTree = "<group>"; };
		49B1428B1A5EA81A00CED2A0 /* Base */ = {isa = PBXFileReference; lastKnownFileType = file.storyboard; name = Base; path = Base.lproj/Main.storyboard; sourceTree = "<group>"; };
		49B1428D1A5EA81B00CED2A0 /* Images.xcassets */ = {isa = PBXFileReference; lastKnownFileType = folder.assetcatalog; path = Images.xcassets; sourceTree = "<group>"; };
		49B142901A5EA81B00CED2A0 /* Base */ = {isa = PBXFileReference; lastKnownFileType = file.xib; name = Base; path = Base.lproj/LaunchScreen.xib; sourceTree = "<group>"; };
		49B142961A5EA81B00CED2A0 /* HealthTests.xctest */ = {isa = PBXFileReference; explicitFileType = wrapper.cfbundle; includeInIndex = 0; path = HealthTests.xctest; sourceTree = BUILT_PRODUCTS_DIR; };
		49B1429B1A5EA81B00CED2A0 /* Info.plist */ = {isa = PBXFileReference; lastKnownFileType = text.plist.xml; path = Info.plist; sourceTree = "<group>"; };
		49B1429C1A5EA81B00CED2A0 /* HealthTests.m */ = {isa = PBXFileReference; lastKnownFileType = sourcecode.c.objc; path = HealthTests.m; sourceTree = "<group>"; };
		49B9010E1A726BF90048C140 /* InputScores.plist */ = {isa = PBXFileReference; fileEncoding = 4; lastKnownFileType = text.plist.xml; path = InputScores.plist; sourceTree = "<group>"; };
		49B901131A7274780048C140 /* DailyScores.plist */ = {isa = PBXFileReference; fileEncoding = 4; lastKnownFileType = text.plist.xml; path = DailyScores.plist; sourceTree = "<group>"; };
		49BF26661A72E32B00B3FF81 /* CorrelationsViewController.h */ = {isa = PBXFileReference; fileEncoding = 4; lastKnownFileType = sourcecode.c.h; path = CorrelationsViewController.h; sourceTree = "<group>"; };
		49BF26671A72E32B00B3FF81 /* CorrelationsViewController.m */ = {isa = PBXFileReference; fileEncoding = 4; lastKnownFileType = sourcecode.c.objc; path = CorrelationsViewController.m; sourceTree = "<group>"; };
		49C84BA51A6E7A690022BCFA /* DebugViewController.h */ = {isa = PBXFileReference; fileEncoding = 4; lastKnownFileType = sourcecode.c.h; path = DebugViewController.h; sourceTree = "<group>"; };
		49C84BA61A6E7A690022BCFA /* DebugViewController.m */ = {isa = PBXFileReference; fileEncoding = 4; lastKnownFileType = sourcecode.c.objc; path = DebugViewController.m; sourceTree = "<group>"; };
		49C84BA81A6F11090022BCFA /* WaterViewController.m */ = {isa = PBXFileReference; fileEncoding = 4; lastKnownFileType = sourcecode.c.objc; path = WaterViewController.m; sourceTree = "<group>"; };
		49C84BAA1A6F11140022BCFA /* WaterViewController.h */ = {isa = PBXFileReference; lastKnownFileType = sourcecode.c.h; path = WaterViewController.h; sourceTree = "<group>"; };
		49CB63171A602A5E00459735 /* MSPageViewController+Protected.h */ = {isa = PBXFileReference; fileEncoding = 4; lastKnownFileType = sourcecode.c.h; path = "MSPageViewController+Protected.h"; sourceTree = "<group>"; };
		49CB63181A602A5E00459735 /* MSPageViewController.h */ = {isa = PBXFileReference; fileEncoding = 4; lastKnownFileType = sourcecode.c.h; path = MSPageViewController.h; sourceTree = "<group>"; };
		49CB63191A602A5E00459735 /* MSPageViewController.m */ = {isa = PBXFileReference; fileEncoding = 4; lastKnownFileType = sourcecode.c.objc; path = MSPageViewController.m; sourceTree = "<group>"; };
		49CB631A1A602A5E00459735 /* MSPageViewControllerPage.h */ = {isa = PBXFileReference; fileEncoding = 4; lastKnownFileType = sourcecode.c.h; path = MSPageViewControllerPage.h; sourceTree = "<group>"; };
		49CB631B1A602A5E00459735 /* MSPageViewControllerPage.m */ = {isa = PBXFileReference; fileEncoding = 4; lastKnownFileType = sourcecode.c.objc; path = MSPageViewControllerPage.m; sourceTree = "<group>"; };
		49CB631E1A60384F00459735 /* InputViewController.h */ = {isa = PBXFileReference; fileEncoding = 4; lastKnownFileType = sourcecode.c.h; path = InputViewController.h; sourceTree = "<group>"; };
		49CB631F1A60384F00459735 /* InputViewController.m */ = {isa = PBXFileReference; fileEncoding = 4; lastKnownFileType = sourcecode.c.objc; path = InputViewController.m; sourceTree = "<group>"; };
		49CB63211A603BB300459735 /* LogViewController.h */ = {isa = PBXFileReference; fileEncoding = 4; lastKnownFileType = sourcecode.c.h; path = LogViewController.h; sourceTree = "<group>"; };
		49CB63221A603BB300459735 /* LogViewController.m */ = {isa = PBXFileReference; fileEncoding = 4; lastKnownFileType = sourcecode.c.objc; lineEnding = 0; path = LogViewController.m; sourceTree = "<group>"; xcLanguageSpecificationIdentifier = xcode.lang.objc; };
		49CB63301A603EA100459735 /* MoodViewController.h */ = {isa = PBXFileReference; fileEncoding = 4; lastKnownFileType = sourcecode.c.h; path = MoodViewController.h; sourceTree = "<group>"; };
		49CB63311A603EA100459735 /* MoodViewController.m */ = {isa = PBXFileReference; fileEncoding = 4; lastKnownFileType = sourcecode.c.objc; path = MoodViewController.m; sourceTree = "<group>"; };
		49CB63331A603F0400459735 /* PomodoroViewController.h */ = {isa = PBXFileReference; fileEncoding = 4; lastKnownFileType = sourcecode.c.h; path = PomodoroViewController.h; sourceTree = "<group>"; };
		49CB63341A603F0400459735 /* PomodoroViewController.m */ = {isa = PBXFileReference; fileEncoding = 4; lastKnownFileType = sourcecode.c.objc; path = PomodoroViewController.m; sourceTree = "<group>"; };
		49CB633E1A6052C800459735 /* TabBarViewController.h */ = {isa = PBXFileReference; fileEncoding = 4; lastKnownFileType = sourcecode.c.h; path = TabBarViewController.h; sourceTree = "<group>"; };
		49CB633F1A6052C800459735 /* TabBarViewController.m */ = {isa = PBXFileReference; fileEncoding = 4; lastKnownFileType = sourcecode.c.objc; path = TabBarViewController.m; sourceTree = "<group>"; };
		49CD327F1A6D20DD00BFFEBE /* ImportViewController.h */ = {isa = PBXFileReference; fileEncoding = 4; lastKnownFileType = sourcecode.c.h; path = ImportViewController.h; sourceTree = "<group>"; };
		49CD32801A6D20DD00BFFEBE /* ImportViewController.m */ = {isa = PBXFileReference; fileEncoding = 4; lastKnownFileType = sourcecode.c.objc; path = ImportViewController.m; sourceTree = "<group>"; };
/* End PBXFileReference section */

/* Begin PBXFrameworksBuildPhase section */
		49B142771A5EA81A00CED2A0 /* Frameworks */ = {
			isa = PBXFrameworksBuildPhase;
			buildActionMask = 2147483647;
			files = (
				494E724F1A6D4AD400D3ED5F /* HealthKit.framework in Frameworks */,
			);
			runOnlyForDeploymentPostprocessing = 0;
		};
		49B142931A5EA81B00CED2A0 /* Frameworks */ = {
			isa = PBXFrameworksBuildPhase;
			buildActionMask = 2147483647;
			files = (
			);
			runOnlyForDeploymentPostprocessing = 0;
		};
/* End PBXFrameworksBuildPhase section */

/* Begin PBXGroup section */
		490407261A6871F700F623D8 /* BEMSimpleLineGraph */ = {
			isa = PBXGroup;
			children = (
				490407271A6871F700F623D8 /* BEMCircle.h */,
				490407281A6871F700F623D8 /* BEMCircle.m */,
				490407291A6871F700F623D8 /* BEMLine.h */,
				4904072A1A6871F700F623D8 /* BEMLine.m */,
				4904072B1A6871F700F623D8 /* BEMSimpleLineGraphView.h */,
				4904072C1A6871F700F623D8 /* BEMSimpleLineGraphView.m */,
			);
			name = BEMSimpleLineGraph;
			path = ../BEMSimpleLineGraph;
			sourceTree = "<group>";
		};
		4922CBF41A6089050044AD98 /* example pictures */ = {
			isa = PBXGroup;
			children = (
				4922CBE81A6088EE0044AD98 /* happiness.png */,
				4922CBE91A6088EE0044AD98 /* var.png */,
				4922CBEA1A6088EE0044AD98 /* network.png */,
				4922CBEB1A6088EE0044AD98 /* sorted.png */,
				4922CBEC1A6088EE0044AD98 /* pomodoro.png */,
				4922CBED1A6088EE0044AD98 /* varlist.png */,
			);
			name = "example pictures";
			sourceTree = "<group>";
		};
		4922CC2D1A62E1860044AD98 /* Log tab */ = {
			isa = PBXGroup;
			children = (
				49CB63211A603BB300459735 /* LogViewController.h */,
				49CB63221A603BB300459735 /* LogViewController.m */,
				4922CC2A1A62E17F0044AD98 /* VariableViewController.h */,
				4922CC2B1A62E17F0044AD98 /* VariableViewController.m */,
				49CD327F1A6D20DD00BFFEBE /* ImportViewController.h */,
				49CD32801A6D20DD00BFFEBE /* ImportViewController.m */,
			);
			name = "Log tab";
			sourceTree = "<group>";
		};
		4956B9341A7979530002136A /* PomodoroViewController */ = {
			isa = PBXGroup;
			children = (
				49CB63331A603F0400459735 /* PomodoroViewController.h */,
				49CB63341A603F0400459735 /* PomodoroViewController.m */,
				4956B92E1A792BA80002136A /* PomodoroBrain.h */,
				4956B92F1A792BA80002136A /* PomodoroBrain.m */,
			);
			name = PomodoroViewController;
			sourceTree = "<group>";
		};
		4956B9381A7A41670002136A /* WaterViewController */ = {
			isa = PBXGroup;
			children = (
				49C84BAA1A6F11140022BCFA /* WaterViewController.h */,
				49C84BA81A6F11090022BCFA /* WaterViewController.m */,
				4956B9351A7A33260002136A /* WaterProgress.h */,
				4956B9361A7A33260002136A /* WaterProgress.m */,
			);
			name = WaterViewController;
			sourceTree = "<group>";
		};
		4956B9451A7A61D30002136A /* MoodViewController */ = {
			isa = PBXGroup;
			children = (
				49CB63301A603EA100459735 /* MoodViewController.h */,
				49CB63311A603EA100459735 /* MoodViewController.m */,
				4956B93C1A7A59BF0002136A /* MoodScoreButton.h */,
				4956B93D1A7A59BF0002136A /* MoodScoreButton.m */,
				4956B9421A7A5D3D0002136A /* MoodTimeLabel.h */,
				4956B9431A7A5D3D0002136A /* MoodTimeLabel.m */,
			);
			name = MoodViewController;
			sourceTree = "<group>";
		};
		49B142711A5EA81A00CED2A0 = {
			isa = PBXGroup;
			children = (
				494E724E1A6D4AD400D3ED5F /* HealthKit.framework */,
				49B1427C1A5EA81A00CED2A0 /* Health */,
				49B142991A5EA81B00CED2A0 /* HealthTests */,
				49B1427B1A5EA81A00CED2A0 /* Products */,
			);
			sourceTree = "<group>";
		};
		49B1427B1A5EA81A00CED2A0 /* Products */ = {
			isa = PBXGroup;
			children = (
				49B1427A1A5EA81A00CED2A0 /* Health.app */,
				49B142961A5EA81B00CED2A0 /* HealthTests.xctest */,
			);
			name = Products;
			sourceTree = "<group>";
		};
		49B1427C1A5EA81A00CED2A0 /* Health */ = {
			isa = PBXGroup;
			children = (
				49B142811A5EA81A00CED2A0 /* AppDelegate.h */,
				49B142821A5EA81A00CED2A0 /* AppDelegate.m */,
				49D106441A703F2C00E63725 /* Database classes */,
				49B1428A1A5EA81A00CED2A0 /* Main.storyboard */,
				49C84BAB1A6FDB8F0022BCFA /* ViewControllers */,
				49B1428D1A5EA81B00CED2A0 /* Images.xcassets */,
				49B1428F1A5EA81B00CED2A0 /* LaunchScreen.xib */,
				49B1427D1A5EA81A00CED2A0 /* Supporting Files */,
			);
			path = Health;
			sourceTree = "<group>";
		};
		49B1427D1A5EA81A00CED2A0 /* Supporting Files */ = {
			isa = PBXGroup;
			children = (
				494E724D1A6D4AD300D3ED5F /* Health.entitlements */,
				490407261A6871F700F623D8 /* BEMSimpleLineGraph */,
				4922CBF41A6089050044AD98 /* example pictures */,
				49CB63161A602A5E00459735 /* MSPageViewController */,
				49B1427E1A5EA81A00CED2A0 /* Info.plist */,
				49B1427F1A5EA81A00CED2A0 /* main.m */,
			);
			name = "Supporting Files";
			sourceTree = "<group>";
		};
		49B142991A5EA81B00CED2A0 /* HealthTests */ = {
			isa = PBXGroup;
			children = (
				49B1429C1A5EA81B00CED2A0 /* HealthTests.m */,
				49B1429A1A5EA81B00CED2A0 /* Supporting Files */,
			);
			path = HealthTests;
			sourceTree = "<group>";
		};
		49B1429A1A5EA81B00CED2A0 /* Supporting Files */ = {
			isa = PBXGroup;
			children = (
				49B1429B1A5EA81B00CED2A0 /* Info.plist */,
			);
			name = "Supporting Files";
			sourceTree = "<group>";
		};
		49C84BAB1A6FDB8F0022BCFA /* ViewControllers */ = {
			isa = PBXGroup;
			children = (
				49CB633E1A6052C800459735 /* TabBarViewController.h */,
				49CB633F1A6052C800459735 /* TabBarViewController.m */,
				49CB633C1A60400300459735 /* Input tab */,
				4922CC2D1A62E1860044AD98 /* Log tab */,
				49CB633D1A60403A00459735 /* Analysis tab */,
				49C84BAC1A6FDBD00022BCFA /* Debug tab */,
			);
			name = ViewControllers;
			sourceTree = "<group>";
		};
		49C84BAC1A6FDBD00022BCFA /* Debug tab */ = {
			isa = PBXGroup;
			children = (
				49C84BA51A6E7A690022BCFA /* DebugViewController.h */,
				49C84BA61A6E7A690022BCFA /* DebugViewController.m */,
			);
			name = "Debug tab";
			sourceTree = "<group>";
		};
		49CB63161A602A5E00459735 /* MSPageViewController */ = {
			isa = PBXGroup;
			children = (
				49CB63171A602A5E00459735 /* MSPageViewController+Protected.h */,
				49CB63181A602A5E00459735 /* MSPageViewController.h */,
				49CB63191A602A5E00459735 /* MSPageViewController.m */,
				49CB631A1A602A5E00459735 /* MSPageViewControllerPage.h */,
				49CB631B1A602A5E00459735 /* MSPageViewControllerPage.m */,
			);
			path = MSPageViewController;
			sourceTree = "<group>";
		};
		49CB633C1A60400300459735 /* Input tab */ = {
			isa = PBXGroup;
			children = (
				49CB631E1A60384F00459735 /* InputViewController.h */,
				49CB631F1A60384F00459735 /* InputViewController.m */,
				4956B9451A7A61D30002136A /* MoodViewController */,
				4956B9341A7979530002136A /* PomodoroViewController */,
				4956B9381A7A41670002136A /* WaterViewController */,
			);
			name = "Input tab";
			sourceTree = "<group>";
		};
		49CB633D1A60403A00459735 /* Analysis tab */ = {
			isa = PBXGroup;
			children = (
				49BF26661A72E32B00B3FF81 /* CorrelationsViewController.h */,
				49BF26671A72E32B00B3FF81 /* CorrelationsViewController.m */,
			);
			name = "Analysis tab";
			sourceTree = "<group>";
		};
		49D106441A703F2C00E63725 /* Database classes */ = {
			isa = PBXGroup;
			children = (
				49B9010E1A726BF90048C140 /* InputScores.plist */,
				4913835D1A6FF1EE00FC9AFB /* InputScores.h */,
				4913835E1A6FF1EE00FC9AFB /* InputScores.m */,
				49B901131A7274780048C140 /* DailyScores.plist */,
				491383601A6FF1F900FC9AFB /* DailyScores.h */,
				491383611A6FF1F900FC9AFB /* DailyScores.m */,
				4908AE081A72FF7400C48189 /* Statistics.h */,
				4908AE091A72FF7400C48189 /* Statistics.m */,
			);
			name = "Database classes";
			sourceTree = "<group>";
		};
/* End PBXGroup section */

/* Begin PBXNativeTarget section */
		49B142791A5EA81A00CED2A0 /* Health */ = {
			isa = PBXNativeTarget;
			buildConfigurationList = 49B142A01A5EA81B00CED2A0 /* Build configuration list for PBXNativeTarget "Health" */;
			buildPhases = (
				49B142761A5EA81A00CED2A0 /* Sources */,
				49B142771A5EA81A00CED2A0 /* Frameworks */,
				49B142781A5EA81A00CED2A0 /* Resources */,
			);
			buildRules = (
			);
			dependencies = (
			);
			name = Health;
			productName = Health;
			productReference = 49B1427A1A5EA81A00CED2A0 /* Health.app */;
			productType = "com.apple.product-type.application";
		};
		49B142951A5EA81B00CED2A0 /* HealthTests */ = {
			isa = PBXNativeTarget;
			buildConfigurationList = 49B142A31A5EA81B00CED2A0 /* Build configuration list for PBXNativeTarget "HealthTests" */;
			buildPhases = (
				49B142921A5EA81B00CED2A0 /* Sources */,
				49B142931A5EA81B00CED2A0 /* Frameworks */,
				49B142941A5EA81B00CED2A0 /* Resources */,
			);
			buildRules = (
			);
			dependencies = (
				49B142981A5EA81B00CED2A0 /* PBXTargetDependency */,
			);
			name = HealthTests;
			productName = HealthTests;
			productReference = 49B142961A5EA81B00CED2A0 /* HealthTests.xctest */;
			productType = "com.apple.product-type.bundle.unit-test";
		};
/* End PBXNativeTarget section */

/* Begin PBXProject section */
		49B142721A5EA81A00CED2A0 /* Project object */ = {
			isa = PBXProject;
			attributes = {
				LastUpgradeCheck = 0610;
				ORGANIZATIONNAME = "Bas Oppenheim";
				TargetAttributes = {
					49B142791A5EA81A00CED2A0 = {
						CreatedOnToolsVersion = 6.1.1;
						DevelopmentTeam = DV6MACWMG2;
						SystemCapabilities = {
							com.apple.HealthKit = {
								enabled = 1;
							};
						};
					};
					49B142951A5EA81B00CED2A0 = {
						CreatedOnToolsVersion = 6.1.1;
						TestTargetID = 49B142791A5EA81A00CED2A0;
					};
				};
			};
			buildConfigurationList = 49B142751A5EA81A00CED2A0 /* Build configuration list for PBXProject "Health" */;
			compatibilityVersion = "Xcode 3.2";
			developmentRegion = English;
			hasScannedForEncodings = 0;
			knownRegions = (
				en,
				Base,
			);
			mainGroup = 49B142711A5EA81A00CED2A0;
			productRefGroup = 49B1427B1A5EA81A00CED2A0 /* Products */;
			projectDirPath = "";
			projectRoot = "";
			targets = (
				49B142791A5EA81A00CED2A0 /* Health */,
				49B142951A5EA81B00CED2A0 /* HealthTests */,
			);
		};
/* End PBXProject section */

/* Begin PBXResourcesBuildPhase section */
		49B142781A5EA81A00CED2A0 /* Resources */ = {
			isa = PBXResourcesBuildPhase;
			buildActionMask = 2147483647;
			files = (
				4922CBF11A6088EE0044AD98 /* sorted.png in Resources */,
				49B1428C1A5EA81A00CED2A0 /* Main.storyboard in Resources */,
				4922CBEF1A6088EE0044AD98 /* var.png in Resources */,
				4922CBF01A6088EE0044AD98 /* network.png in Resources */,
				49B142911A5EA81B00CED2A0 /* LaunchScreen.xib in Resources */,
				4922CBF31A6088EE0044AD98 /* varlist.png in Resources */,
				49B901141A7274780048C140 /* DailyScores.plist in Resources */,
				49B9010F1A726BF90048C140 /* InputScores.plist in Resources */,
				49B1428E1A5EA81B00CED2A0 /* Images.xcassets in Resources */,
				4922CBF21A6088EE0044AD98 /* pomodoro.png in Resources */,
				4922CBEE1A6088EE0044AD98 /* happiness.png in Resources */,
			);
			runOnlyForDeploymentPostprocessing = 0;
		};
		49B142941A5EA81B00CED2A0 /* Resources */ = {
			isa = PBXResourcesBuildPhase;
			buildActionMask = 2147483647;
			files = (
			);
			runOnlyForDeploymentPostprocessing = 0;
		};
/* End PBXResourcesBuildPhase section */

/* Begin PBXSourcesBuildPhase section */
		49B142761A5EA81A00CED2A0 /* Sources */ = {
			isa = PBXSourcesBuildPhase;
			buildActionMask = 2147483647;
			files = (
				4904072E1A6871F700F623D8 /* BEMLine.m in Sources */,
				4908AE0A1A72FF7400C48189 /* Statistics.m in Sources */,
				49B142831A5EA81A00CED2A0 /* AppDelegate.m in Sources */,
				49CB63321A603EA100459735 /* MoodViewController.m in Sources */,
				4956B9371A7A33260002136A /* WaterProgress.m in Sources */,
				49CB63401A6052C800459735 /* TabBarViewController.m in Sources */,
				49CB63231A603BB300459735 /* LogViewController.m in Sources */,
				49CB63351A603F0400459735 /* PomodoroViewController.m in Sources */,
				4904072D1A6871F700F623D8 /* BEMCircle.m in Sources */,
				4956B9441A7A5D3D0002136A /* MoodTimeLabel.m in Sources */,
				491383621A6FF1F900FC9AFB /* DailyScores.m in Sources */,
				4904072F1A6871F700F623D8 /* BEMSimpleLineGraphView.m in Sources */,
				49CB63201A60384F00459735 /* InputViewController.m in Sources */,
				49CB631C1A602A5E00459735 /* MSPageViewController.m in Sources */,
				4956B9301A792BA80002136A /* PomodoroBrain.m in Sources */,
				49C84BA71A6E7A690022BCFA /* DebugViewController.m in Sources */,
				49C84BA91A6F11090022BCFA /* WaterViewController.m in Sources */,
				49CB631D1A602A5E00459735 /* MSPageViewControllerPage.m in Sources */,
				49CD32811A6D20DD00BFFEBE /* ImportViewController.m in Sources */,
				4922CC2C1A62E17F0044AD98 /* VariableViewController.m in Sources */,
				49B142801A5EA81A00CED2A0 /* main.m in Sources */,
				4956B93E1A7A59BF0002136A /* MoodScoreButton.m in Sources */,
				4913835F1A6FF1EE00FC9AFB /* InputScores.m in Sources */,
				49BF26681A72E32B00B3FF81 /* CorrelationsViewController.m in Sources */,
			);
			runOnlyForDeploymentPostprocessing = 0;
		};
		49B142921A5EA81B00CED2A0 /* Sources */ = {
			isa = PBXSourcesBuildPhase;
			buildActionMask = 2147483647;
			files = (
				49B1429D1A5EA81B00CED2A0 /* HealthTests.m in Sources */,
			);
			runOnlyForDeploymentPostprocessing = 0;
		};
/* End PBXSourcesBuildPhase section */

/* Begin PBXTargetDependency section */
		49B142981A5EA81B00CED2A0 /* PBXTargetDependency */ = {
			isa = PBXTargetDependency;
			target = 49B142791A5EA81A00CED2A0 /* Health */;
			targetProxy = 49B142971A5EA81B00CED2A0 /* PBXContainerItemProxy */;
		};
/* End PBXTargetDependency section */

/* Begin PBXVariantGroup section */
		49B1428A1A5EA81A00CED2A0 /* Main.storyboard */ = {
			isa = PBXVariantGroup;
			children = (
				49B1428B1A5EA81A00CED2A0 /* Base */,
			);
			name = Main.storyboard;
			sourceTree = "<group>";
		};
		49B1428F1A5EA81B00CED2A0 /* LaunchScreen.xib */ = {
			isa = PBXVariantGroup;
			children = (
				49B142901A5EA81B00CED2A0 /* Base */,
			);
			name = LaunchScreen.xib;
			sourceTree = "<group>";
		};
/* End PBXVariantGroup section */

/* Begin XCBuildConfiguration section */
		49B1429E1A5EA81B00CED2A0 /* Debug */ = {
			isa = XCBuildConfiguration;
			buildSettings = {
				ALWAYS_SEARCH_USER_PATHS = NO;
				CLANG_CXX_LANGUAGE_STANDARD = "gnu++0x";
				CLANG_CXX_LIBRARY = "libc++";
				CLANG_ENABLE_MODULES = YES;
				CLANG_ENABLE_OBJC_ARC = YES;
				CLANG_WARN_BOOL_CONVERSION = YES;
				CLANG_WARN_CONSTANT_CONVERSION = YES;
				CLANG_WARN_DIRECT_OBJC_ISA_USAGE = YES_ERROR;
				CLANG_WARN_EMPTY_BODY = YES;
				CLANG_WARN_ENUM_CONVERSION = YES;
				CLANG_WARN_INT_CONVERSION = YES;
				CLANG_WARN_OBJC_ROOT_CLASS = YES_ERROR;
				CLANG_WARN_UNREACHABLE_CODE = YES;
				CLANG_WARN__DUPLICATE_METHOD_MATCH = YES;
				"CODE_SIGN_IDENTITY[sdk=iphoneos*]" = "iPhone Developer";
				COPY_PHASE_STRIP = NO;
				ENABLE_STRICT_OBJC_MSGSEND = YES;
				GCC_C_LANGUAGE_STANDARD = gnu99;
				GCC_DYNAMIC_NO_PIC = NO;
				GCC_OPTIMIZATION_LEVEL = 0;
				GCC_PREPROCESSOR_DEFINITIONS = (
					"DEBUG=1",
					"$(inherited)",
				);
				GCC_SYMBOLS_PRIVATE_EXTERN = NO;
				GCC_WARN_64_TO_32_BIT_CONVERSION = YES;
				GCC_WARN_ABOUT_RETURN_TYPE = YES_ERROR;
				GCC_WARN_UNDECLARED_SELECTOR = YES;
				GCC_WARN_UNINITIALIZED_AUTOS = YES_AGGRESSIVE;
				GCC_WARN_UNUSED_FUNCTION = YES;
				GCC_WARN_UNUSED_VARIABLE = YES;
				IPHONEOS_DEPLOYMENT_TARGET = 8.1;
				MTL_ENABLE_DEBUG_INFO = YES;
				ONLY_ACTIVE_ARCH = YES;
				SDKROOT = iphoneos;
			};
			name = Debug;
		};
		49B1429F1A5EA81B00CED2A0 /* Release */ = {
			isa = XCBuildConfiguration;
			buildSettings = {
				ALWAYS_SEARCH_USER_PATHS = NO;
				CLANG_CXX_LANGUAGE_STANDARD = "gnu++0x";
				CLANG_CXX_LIBRARY = "libc++";
				CLANG_ENABLE_MODULES = YES;
				CLANG_ENABLE_OBJC_ARC = YES;
				CLANG_WARN_BOOL_CONVERSION = YES;
				CLANG_WARN_CONSTANT_CONVERSION = YES;
				CLANG_WARN_DIRECT_OBJC_ISA_USAGE = YES_ERROR;
				CLANG_WARN_EMPTY_BODY = YES;
				CLANG_WARN_ENUM_CONVERSION = YES;
				CLANG_WARN_INT_CONVERSION = YES;
				CLANG_WARN_OBJC_ROOT_CLASS = YES_ERROR;
				CLANG_WARN_UNREACHABLE_CODE = YES;
				CLANG_WARN__DUPLICATE_METHOD_MATCH = YES;
				"CODE_SIGN_IDENTITY[sdk=iphoneos*]" = "iPhone Developer";
				COPY_PHASE_STRIP = YES;
				ENABLE_NS_ASSERTIONS = NO;
				ENABLE_STRICT_OBJC_MSGSEND = YES;
				GCC_C_LANGUAGE_STANDARD = gnu99;
				GCC_WARN_64_TO_32_BIT_CONVERSION = YES;
				GCC_WARN_ABOUT_RETURN_TYPE = YES_ERROR;
				GCC_WARN_UNDECLARED_SELECTOR = YES;
				GCC_WARN_UNINITIALIZED_AUTOS = YES_AGGRESSIVE;
				GCC_WARN_UNUSED_FUNCTION = YES;
				GCC_WARN_UNUSED_VARIABLE = YES;
				IPHONEOS_DEPLOYMENT_TARGET = 8.1;
				MTL_ENABLE_DEBUG_INFO = NO;
				SDKROOT = iphoneos;
				VALIDATE_PRODUCT = YES;
			};
			name = Release;
		};
		49B142A11A5EA81B00CED2A0 /* Debug */ = {
			isa = XCBuildConfiguration;
			buildSettings = {
				ASSETCATALOG_COMPILER_APPICON_NAME = AppIcon;
				CODE_SIGN_ENTITLEMENTS = Health/Health.entitlements;
				INFOPLIST_FILE = Health/Info.plist;
				LD_RUNPATH_SEARCH_PATHS = "$(inherited) @executable_path/Frameworks";
				PRODUCT_NAME = "$(TARGET_NAME)";
			};
			name = Debug;
		};
		49B142A21A5EA81B00CED2A0 /* Release */ = {
			isa = XCBuildConfiguration;
			buildSettings = {
				ASSETCATALOG_COMPILER_APPICON_NAME = AppIcon;
				CODE_SIGN_ENTITLEMENTS = Health/Health.entitlements;
				INFOPLIST_FILE = Health/Info.plist;
				LD_RUNPATH_SEARCH_PATHS = "$(inherited) @executable_path/Frameworks";
				PRODUCT_NAME = "$(TARGET_NAME)";
			};
			name = Release;
		};
		49B142A41A5EA81B00CED2A0 /* Debug */ = {
			isa = XCBuildConfiguration;
			buildSettings = {
				BUNDLE_LOADER = "$(TEST_HOST)";
				FRAMEWORK_SEARCH_PATHS = (
					"$(SDKROOT)/Developer/Library/Frameworks",
					"$(inherited)",
				);
				GCC_PREPROCESSOR_DEFINITIONS = (
					"DEBUG=1",
					"$(inherited)",
				);
				INFOPLIST_FILE = HealthTests/Info.plist;
				LD_RUNPATH_SEARCH_PATHS = "$(inherited) @executable_path/Frameworks @loader_path/Frameworks";
				PRODUCT_NAME = "$(TARGET_NAME)";
				TEST_HOST = "$(BUILT_PRODUCTS_DIR)/Health.app/Health";
			};
			name = Debug;
		};
		49B142A51A5EA81B00CED2A0 /* Release */ = {
			isa = XCBuildConfiguration;
			buildSettings = {
				BUNDLE_LOADER = "$(TEST_HOST)";
				FRAMEWORK_SEARCH_PATHS = (
					"$(SDKROOT)/Developer/Library/Frameworks",
					"$(inherited)",
				);
				INFOPLIST_FILE = HealthTests/Info.plist;
				LD_RUNPATH_SEARCH_PATHS = "$(inherited) @executable_path/Frameworks @loader_path/Frameworks";
				PRODUCT_NAME = "$(TARGET_NAME)";
				TEST_HOST = "$(BUILT_PRODUCTS_DIR)/Health.app/Health";
			};
			name = Release;
		};
/* End XCBuildConfiguration section */

/* Begin XCConfigurationList section */
		49B142751A5EA81A00CED2A0 /* Build configuration list for PBXProject "Health" */ = {
			isa = XCConfigurationList;
			buildConfigurations = (
				49B1429E1A5EA81B00CED2A0 /* Debug */,
				49B1429F1A5EA81B00CED2A0 /* Release */,
			);
			defaultConfigurationIsVisible = 0;
			defaultConfigurationName = Release;
		};
		49B142A01A5EA81B00CED2A0 /* Build configuration list for PBXNativeTarget "Health" */ = {
			isa = XCConfigurationList;
			buildConfigurations = (
				49B142A11A5EA81B00CED2A0 /* Debug */,
				49B142A21A5EA81B00CED2A0 /* Release */,
			);
			defaultConfigurationIsVisible = 0;
			defaultConfigurationName = Release;
		};
		49B142A31A5EA81B00CED2A0 /* Build configuration list for PBXNativeTarget "HealthTests" */ = {
			isa = XCConfigurationList;
			buildConfigurations = (
				49B142A41A5EA81B00CED2A0 /* Debug */,
				49B142A51A5EA81B00CED2A0 /* Release */,
			);
			defaultConfigurationIsVisible = 0;
			defaultConfigurationName = Release;
		};
/* End XCConfigurationList section */
	};
	rootObject = 49B142721A5EA81A00CED2A0 /* Project object */;
}
